// !$*UTF8*$!
{
	archiveVersion = 1;
	classes = {
	};
	objectVersion = 51;
	objects = {

/* Begin PBXBuildFile section */
		13A9056C11AA7619661EE733 /* Pods_WeatherInterview.framework in Frameworks */ = {isa = PBXBuildFile; fileRef = 66751C955B5EE69E43FF7CC7 /* Pods_WeatherInterview.framework */; };
		AB5FD1EC241D12D6009EC199 /* AppDelegate.swift in Sources */ = {isa = PBXBuildFile; fileRef = AB5FD1EB241D12D6009EC199 /* AppDelegate.swift */; };
		AB5FD1EE241D12D6009EC199 /* SceneDelegate.swift in Sources */ = {isa = PBXBuildFile; fileRef = AB5FD1ED241D12D6009EC199 /* SceneDelegate.swift */; };
		AB5FD1F5241D12DA009EC199 /* Assets.xcassets in Resources */ = {isa = PBXBuildFile; fileRef = AB5FD1F4241D12DA009EC199 /* Assets.xcassets */; };
		AB5FD1F8241D12DA009EC199 /* LaunchScreen.storyboard in Resources */ = {isa = PBXBuildFile; fileRef = AB5FD1F6241D12DA009EC199 /* LaunchScreen.storyboard */; };
		AB5FD204241D1FB0009EC199 /* R.generated.swift in Sources */ = {isa = PBXBuildFile; fileRef = AB5FD203241D1FB0009EC199 /* R.generated.swift */; };
		AB5FD234241D379C009EC199 /* WeatherInterview.xcdatamodeld in Sources */ = {isa = PBXBuildFile; fileRef = AB5FD232241D379C009EC199 /* WeatherInterview.xcdatamodeld */; };
		AB5FD23D241D37BB009EC199 /* NSObject.swift in Sources */ = {isa = PBXBuildFile; fileRef = AB5FD237241D37BB009EC199 /* NSObject.swift */; };
		AB5FD23E241D37BB009EC199 /* UITableView.swift in Sources */ = {isa = PBXBuildFile; fileRef = AB5FD238241D37BB009EC199 /* UITableView.swift */; };
		AB5FD23F241D37BB009EC199 /* Alamofire.swift in Sources */ = {isa = PBXBuildFile; fileRef = AB5FD239241D37BB009EC199 /* Alamofire.swift */; };
		AB5FD240241D37BB009EC199 /* Cancelable.swift in Sources */ = {isa = PBXBuildFile; fileRef = AB5FD23B241D37BB009EC199 /* Cancelable.swift */; };
		AB5FD241241D37BB009EC199 /* BackendError.swift in Sources */ = {isa = PBXBuildFile; fileRef = AB5FD23C241D37BB009EC199 /* BackendError.swift */; };
		AB5FD249241D37EF009EC199 /* MainViewController.swift in Sources */ = {isa = PBXBuildFile; fileRef = AB5FD244241D37EF009EC199 /* MainViewController.swift */; };
		AB5FD24A241D37EF009EC199 /* ViewWithCircle.swift in Sources */ = {isa = PBXBuildFile; fileRef = AB5FD246241D37EF009EC199 /* ViewWithCircle.swift */; };
		AB5FD24B241D37EF009EC199 /* FeedCell.swift in Sources */ = {isa = PBXBuildFile; fileRef = AB5FD247241D37EF009EC199 /* FeedCell.swift */; };
		AB5FD24C241D37EF009EC199 /* Main.storyboard in Resources */ = {isa = PBXBuildFile; fileRef = AB5FD248241D37EF009EC199 /* Main.storyboard */; };
		AB5FD24E241D3D58009EC199 /* ForecastService.swift in Sources */ = {isa = PBXBuildFile; fileRef = AB5FD24D241D3D58009EC199 /* ForecastService.swift */; };
		AB5FD250241D3E00009EC199 /* Forecast.swift in Sources */ = {isa = PBXBuildFile; fileRef = AB5FD24F241D3E00009EC199 /* Forecast.swift */; };
		AB5FD252241D3E4B009EC199 /* ForecastPayload.swift in Sources */ = {isa = PBXBuildFile; fileRef = AB5FD251241D3E4B009EC199 /* ForecastPayload.swift */; };
		AB5FD254241D3E9E009EC199 /* ForecastProvider.swift in Sources */ = {isa = PBXBuildFile; fileRef = AB5FD253241D3E9E009EC199 /* ForecastProvider.swift */; };
		AB5FD256241D3F00009EC199 /* GPSCoordinates.swift in Sources */ = {isa = PBXBuildFile; fileRef = AB5FD255241D3F00009EC199 /* GPSCoordinates.swift */; };
		AB5FD261241FA6EE009EC199 /* Cloud.swift in Sources */ = {isa = PBXBuildFile; fileRef = AB5FD259241FA6EE009EC199 /* Cloud.swift */; };
		AB5FD262241FA6EE009EC199 /* Wind.swift in Sources */ = {isa = PBXBuildFile; fileRef = AB5FD25A241FA6EE009EC199 /* Wind.swift */; };
		AB5FD263241FA6EE009EC199 /* Coord.swift in Sources */ = {isa = PBXBuildFile; fileRef = AB5FD25B241FA6EE009EC199 /* Coord.swift */; };
		AB5FD264241FA6EE009EC199 /* Main.swift in Sources */ = {isa = PBXBuildFile; fileRef = AB5FD25C241FA6EE009EC199 /* Main.swift */; };
		AB5FD265241FA6EE009EC199 /* Rain.swift in Sources */ = {isa = PBXBuildFile; fileRef = AB5FD25D241FA6EE009EC199 /* Rain.swift */; };
		AB5FD266241FA6EE009EC199 /* Sy.swift in Sources */ = {isa = PBXBuildFile; fileRef = AB5FD25E241FA6EE009EC199 /* Sy.swift */; };
		AB5FD267241FA6EE009EC199 /* Weather.swift in Sources */ = {isa = PBXBuildFile; fileRef = AB5FD25F241FA6EE009EC199 /* Weather.swift */; };
		AB5FD26A241FB4F0009EC199 /* AddLocationViewController.swift in Sources */ = {isa = PBXBuildFile; fileRef = AB5FD269241FB4F0009EC199 /* AddLocationViewController.swift */; };
		AB5FD26D241FB5D1009EC199 /* DataStore.swift in Sources */ = {isa = PBXBuildFile; fileRef = AB5FD26C241FB5D1009EC199 /* DataStore.swift */; };
		AB5FD26F241FB611009EC199 /* PersistenceProvider.swift in Sources */ = {isa = PBXBuildFile; fileRef = AB5FD26E241FB611009EC199 /* PersistenceProvider.swift */; };
		AB5FD272241FB977009EC199 /* Feed.swift in Sources */ = {isa = PBXBuildFile; fileRef = AB5FD271241FB977009EC199 /* Feed.swift */; };
/* End PBXBuildFile section */

/* Begin PBXFileReference section */
		66751C955B5EE69E43FF7CC7 /* Pods_WeatherInterview.framework */ = {isa = PBXFileReference; explicitFileType = wrapper.framework; includeInIndex = 0; path = Pods_WeatherInterview.framework; sourceTree = BUILT_PRODUCTS_DIR; };
		8772879833903CB0B0EBE348 /* Pods-WeatherInterview.debug.xcconfig */ = {isa = PBXFileReference; includeInIndex = 1; lastKnownFileType = text.xcconfig; name = "Pods-WeatherInterview.debug.xcconfig"; path = "Target Support Files/Pods-WeatherInterview/Pods-WeatherInterview.debug.xcconfig"; sourceTree = "<group>"; };
		92ACCF5734769460435F0FFC /* Pods-WeatherInterview.release.xcconfig */ = {isa = PBXFileReference; includeInIndex = 1; lastKnownFileType = text.xcconfig; name = "Pods-WeatherInterview.release.xcconfig"; path = "Target Support Files/Pods-WeatherInterview/Pods-WeatherInterview.release.xcconfig"; sourceTree = "<group>"; };
		AB5FD1E8241D12D6009EC199 /* WeatherInterview.app */ = {isa = PBXFileReference; explicitFileType = wrapper.application; includeInIndex = 0; path = WeatherInterview.app; sourceTree = BUILT_PRODUCTS_DIR; };
		AB5FD1EB241D12D6009EC199 /* AppDelegate.swift */ = {isa = PBXFileReference; lastKnownFileType = sourcecode.swift; path = AppDelegate.swift; sourceTree = "<group>"; };
		AB5FD1ED241D12D6009EC199 /* SceneDelegate.swift */ = {isa = PBXFileReference; lastKnownFileType = sourcecode.swift; path = SceneDelegate.swift; sourceTree = "<group>"; };
		AB5FD1F4241D12DA009EC199 /* Assets.xcassets */ = {isa = PBXFileReference; lastKnownFileType = folder.assetcatalog; path = Assets.xcassets; sourceTree = "<group>"; };
		AB5FD1F7241D12DA009EC199 /* Base */ = {isa = PBXFileReference; lastKnownFileType = file.storyboard; name = Base; path = Base.lproj/LaunchScreen.storyboard; sourceTree = "<group>"; };
		AB5FD1F9241D12DA009EC199 /* Info.plist */ = {isa = PBXFileReference; lastKnownFileType = text.plist.xml; path = Info.plist; sourceTree = "<group>"; };
		AB5FD203241D1FB0009EC199 /* R.generated.swift */ = {isa = PBXFileReference; fileEncoding = 4; lastKnownFileType = sourcecode.swift; path = R.generated.swift; sourceTree = "<group>"; };
		AB5FD233241D379C009EC199 /* Prometheus.xcdatamodel */ = {isa = PBXFileReference; lastKnownFileType = wrapper.xcdatamodel; path = Prometheus.xcdatamodel; sourceTree = "<group>"; };
		AB5FD237241D37BB009EC199 /* NSObject.swift */ = {isa = PBXFileReference; fileEncoding = 4; lastKnownFileType = sourcecode.swift; path = NSObject.swift; sourceTree = "<group>"; };
		AB5FD238241D37BB009EC199 /* UITableView.swift */ = {isa = PBXFileReference; fileEncoding = 4; lastKnownFileType = sourcecode.swift; path = UITableView.swift; sourceTree = "<group>"; };
		AB5FD239241D37BB009EC199 /* Alamofire.swift */ = {isa = PBXFileReference; fileEncoding = 4; lastKnownFileType = sourcecode.swift; path = Alamofire.swift; sourceTree = "<group>"; };
		AB5FD23B241D37BB009EC199 /* Cancelable.swift */ = {isa = PBXFileReference; fileEncoding = 4; lastKnownFileType = sourcecode.swift; path = Cancelable.swift; sourceTree = "<group>"; };
		AB5FD23C241D37BB009EC199 /* BackendError.swift */ = {isa = PBXFileReference; fileEncoding = 4; lastKnownFileType = sourcecode.swift; path = BackendError.swift; sourceTree = "<group>"; };
		AB5FD244241D37EF009EC199 /* MainViewController.swift */ = {isa = PBXFileReference; fileEncoding = 4; lastKnownFileType = sourcecode.swift; path = MainViewController.swift; sourceTree = "<group>"; };
		AB5FD246241D37EF009EC199 /* ViewWithCircle.swift */ = {isa = PBXFileReference; fileEncoding = 4; lastKnownFileType = sourcecode.swift; path = ViewWithCircle.swift; sourceTree = "<group>"; };
		AB5FD247241D37EF009EC199 /* FeedCell.swift */ = {isa = PBXFileReference; fileEncoding = 4; lastKnownFileType = sourcecode.swift; path = FeedCell.swift; sourceTree = "<group>"; };
		AB5FD248241D37EF009EC199 /* Main.storyboard */ = {isa = PBXFileReference; fileEncoding = 4; lastKnownFileType = file.storyboard; path = Main.storyboard; sourceTree = "<group>"; };
		AB5FD24D241D3D58009EC199 /* ForecastService.swift */ = {isa = PBXFileReference; lastKnownFileType = sourcecode.swift; path = ForecastService.swift; sourceTree = "<group>"; };
		AB5FD24F241D3E00009EC199 /* Forecast.swift */ = {isa = PBXFileReference; lastKnownFileType = sourcecode.swift; path = Forecast.swift; sourceTree = "<group>"; };
		AB5FD251241D3E4B009EC199 /* ForecastPayload.swift */ = {isa = PBXFileReference; lastKnownFileType = sourcecode.swift; path = ForecastPayload.swift; sourceTree = "<group>"; };
		AB5FD253241D3E9E009EC199 /* ForecastProvider.swift */ = {isa = PBXFileReference; lastKnownFileType = sourcecode.swift; path = ForecastProvider.swift; sourceTree = "<group>"; };
		AB5FD255241D3F00009EC199 /* GPSCoordinates.swift */ = {isa = PBXFileReference; lastKnownFileType = sourcecode.swift; path = GPSCoordinates.swift; sourceTree = "<group>"; };
		AB5FD259241FA6EE009EC199 /* Cloud.swift */ = {isa = PBXFileReference; fileEncoding = 4; lastKnownFileType = sourcecode.swift; path = Cloud.swift; sourceTree = "<group>"; };
		AB5FD25A241FA6EE009EC199 /* Wind.swift */ = {isa = PBXFileReference; fileEncoding = 4; lastKnownFileType = sourcecode.swift; path = Wind.swift; sourceTree = "<group>"; };
		AB5FD25B241FA6EE009EC199 /* Coord.swift */ = {isa = PBXFileReference; fileEncoding = 4; lastKnownFileType = sourcecode.swift; path = Coord.swift; sourceTree = "<group>"; };
		AB5FD25C241FA6EE009EC199 /* Main.swift */ = {isa = PBXFileReference; fileEncoding = 4; lastKnownFileType = sourcecode.swift; path = Main.swift; sourceTree = "<group>"; };
		AB5FD25D241FA6EE009EC199 /* Rain.swift */ = {isa = PBXFileReference; fileEncoding = 4; lastKnownFileType = sourcecode.swift; path = Rain.swift; sourceTree = "<group>"; };
		AB5FD25E241FA6EE009EC199 /* Sy.swift */ = {isa = PBXFileReference; fileEncoding = 4; lastKnownFileType = sourcecode.swift; path = Sy.swift; sourceTree = "<group>"; };
		AB5FD25F241FA6EE009EC199 /* Weather.swift */ = {isa = PBXFileReference; fileEncoding = 4; lastKnownFileType = sourcecode.swift; path = Weather.swift; sourceTree = "<group>"; };
		AB5FD269241FB4F0009EC199 /* AddLocationViewController.swift */ = {isa = PBXFileReference; lastKnownFileType = sourcecode.swift; path = AddLocationViewController.swift; sourceTree = "<group>"; };
		AB5FD26C241FB5D1009EC199 /* DataStore.swift */ = {isa = PBXFileReference; lastKnownFileType = sourcecode.swift; path = DataStore.swift; sourceTree = "<group>"; };
		AB5FD26E241FB611009EC199 /* PersistenceProvider.swift */ = {isa = PBXFileReference; lastKnownFileType = sourcecode.swift; path = PersistenceProvider.swift; sourceTree = "<group>"; };
		AB5FD271241FB977009EC199 /* Feed.swift */ = {isa = PBXFileReference; lastKnownFileType = sourcecode.swift; path = Feed.swift; sourceTree = "<group>"; };
/* End PBXFileReference section */

/* Begin PBXFrameworksBuildPhase section */
		AB5FD1E5241D12D5009EC199 /* Frameworks */ = {
			isa = PBXFrameworksBuildPhase;
			buildActionMask = 2147483647;
			files = (
				13A9056C11AA7619661EE733 /* Pods_WeatherInterview.framework in Frameworks */,
			);
			runOnlyForDeploymentPostprocessing = 0;
		};
/* End PBXFrameworksBuildPhase section */

/* Begin PBXGroup section */
		19075732B1A62BBD7C8E5AFA /* Frameworks */ = {
			isa = PBXGroup;
			children = (
				66751C955B5EE69E43FF7CC7 /* Pods_WeatherInterview.framework */,
			);
			name = Frameworks;
			sourceTree = "<group>";
		};
		475A8FA4A48BA825356C55AE /* Pods */ = {
			isa = PBXGroup;
			children = (
				8772879833903CB0B0EBE348 /* Pods-WeatherInterview.debug.xcconfig */,
				92ACCF5734769460435F0FFC /* Pods-WeatherInterview.release.xcconfig */,
			);
			path = Pods;
			sourceTree = "<group>";
		};
		AB5FD1DF241D12D5009EC199 = {
			isa = PBXGroup;
			children = (
				AB5FD1EA241D12D6009EC199 /* WeatherInterview */,
				AB5FD1E9241D12D6009EC199 /* Products */,
				475A8FA4A48BA825356C55AE /* Pods */,
				19075732B1A62BBD7C8E5AFA /* Frameworks */,
			);
			sourceTree = "<group>";
		};
		AB5FD1E9241D12D6009EC199 /* Products */ = {
			isa = PBXGroup;
			children = (
				AB5FD1E8241D12D6009EC199 /* WeatherInterview.app */,
			);
			name = Products;
			sourceTree = "<group>";
		};
		AB5FD1EA241D12D6009EC199 /* WeatherInterview */ = {
			isa = PBXGroup;
			children = (
				AB5FD1EB241D12D6009EC199 /* AppDelegate.swift */,
				AB5FD1ED241D12D6009EC199 /* SceneDelegate.swift */,
				AB5FD242241D37EF009EC199 /* View */,
				AB5FD235241D37BB009EC199 /* Model */,
				AB5FD231241D379C009EC199 /* Resources */,
				AB5FD201241D1D46009EC199 /* Assets */,
			);
			path = WeatherInterview;
			sourceTree = "<group>";
		};
		AB5FD201241D1D46009EC199 /* Assets */ = {
			isa = PBXGroup;
			children = (
				AB5FD202241D1D5A009EC199 /* Generated */,
				AB5FD1F4241D12DA009EC199 /* Assets.xcassets */,
				AB5FD1F6241D12DA009EC199 /* LaunchScreen.storyboard */,
				AB5FD1F9241D12DA009EC199 /* Info.plist */,
			);
			path = Assets;
			sourceTree = "<group>";
		};
		AB5FD202241D1D5A009EC199 /* Generated */ = {
			isa = PBXGroup;
			children = (
				AB5FD203241D1FB0009EC199 /* R.generated.swift */,
			);
			path = Generated;
			sourceTree = "<group>";
		};
		AB5FD231241D379C009EC199 /* Resources */ = {
			isa = PBXGroup;
			children = (
				AB5FD232241D379C009EC199 /* WeatherInterview.xcdatamodeld */,
			);
			path = Resources;
			sourceTree = "<group>";
		};
		AB5FD235241D37BB009EC199 /* Model */ = {
			isa = PBXGroup;
			children = (
				AB5FD270241FB951009EC199 /* MainScreen */,
				AB5FD26B241FB577009EC199 /* PersistenceProvider */,
				AB5FD236241D37BB009EC199 /* Extensions */,
				AB5FD23A241D37BB009EC199 /* ForecastProvider */,
			);
			path = Model;
			sourceTree = "<group>";
		};
		AB5FD236241D37BB009EC199 /* Extensions */ = {
			isa = PBXGroup;
			children = (
				AB5FD237241D37BB009EC199 /* NSObject.swift */,
				AB5FD238241D37BB009EC199 /* UITableView.swift */,
				AB5FD239241D37BB009EC199 /* Alamofire.swift */,
			);
			path = Extensions;
			sourceTree = "<group>";
		};
		AB5FD23A241D37BB009EC199 /* ForecastProvider */ = {
			isa = PBXGroup;
			children = (
				AB5FD257241FA6C7009EC199 /* Models */,
				AB5FD23B241D37BB009EC199 /* Cancelable.swift */,
				AB5FD24D241D3D58009EC199 /* ForecastService.swift */,
				AB5FD23C241D37BB009EC199 /* BackendError.swift */,
				AB5FD24F241D3E00009EC199 /* Forecast.swift */,
				AB5FD253241D3E9E009EC199 /* ForecastProvider.swift */,
				AB5FD255241D3F00009EC199 /* GPSCoordinates.swift */,
			);
			path = ForecastProvider;
			sourceTree = "<group>";
		};
		AB5FD242241D37EF009EC199 /* View */ = {
			isa = PBXGroup;
			children = (
				AB5FD268241FB4AA009EC199 /* LocationScreen */,
				AB5FD243241D37EF009EC199 /* MainScreen */,
				AB5FD248241D37EF009EC199 /* Main.storyboard */,
			);
			path = View;
			sourceTree = "<group>";
		};
		AB5FD243241D37EF009EC199 /* MainScreen */ = {
			isa = PBXGroup;
			children = (
				AB5FD244241D37EF009EC199 /* MainViewController.swift */,
				AB5FD245241D37EF009EC199 /* Views */,
			);
			path = MainScreen;
			sourceTree = "<group>";
		};
		AB5FD245241D37EF009EC199 /* Views */ = {
			isa = PBXGroup;
			children = (
				AB5FD246241D37EF009EC199 /* ViewWithCircle.swift */,
				AB5FD247241D37EF009EC199 /* FeedCell.swift */,
			);
			path = Views;
			sourceTree = "<group>";
		};
		AB5FD257241FA6C7009EC199 /* Models */ = {
			isa = PBXGroup;
			children = (
				AB5FD251241D3E4B009EC199 /* ForecastPayload.swift */,
				AB5FD259241FA6EE009EC199 /* Cloud.swift */,
				AB5FD25B241FA6EE009EC199 /* Coord.swift */,
				AB5FD25C241FA6EE009EC199 /* Main.swift */,
				AB5FD25D241FA6EE009EC199 /* Rain.swift */,
				AB5FD25E241FA6EE009EC199 /* Sy.swift */,
				AB5FD25F241FA6EE009EC199 /* Weather.swift */,
				AB5FD25A241FA6EE009EC199 /* Wind.swift */,
			);
			path = Models;
			sourceTree = "<group>";
		};
		AB5FD268241FB4AA009EC199 /* LocationScreen */ = {
			isa = PBXGroup;
			children = (
				AB5FD269241FB4F0009EC199 /* AddLocationViewController.swift */,
			);
			path = LocationScreen;
			sourceTree = "<group>";
		};
		AB5FD26B241FB577009EC199 /* PersistenceProvider */ = {
			isa = PBXGroup;
			children = (
				AB5FD26C241FB5D1009EC199 /* DataStore.swift */,
				AB5FD26E241FB611009EC199 /* PersistenceProvider.swift */,
			);
			path = PersistenceProvider;
			sourceTree = "<group>";
		};
		AB5FD270241FB951009EC199 /* MainScreen */ = {
			isa = PBXGroup;
			children = (
				AB5FD271241FB977009EC199 /* Feed.swift */,
			);
			path = MainScreen;
			sourceTree = "<group>";
		};
/* End PBXGroup section */

/* Begin PBXNativeTarget section */
		AB5FD1E7241D12D5009EC199 /* WeatherInterview */ = {
			isa = PBXNativeTarget;
			buildConfigurationList = AB5FD1FC241D12DA009EC199 /* Build configuration list for PBXNativeTarget "WeatherInterview" */;
			buildPhases = (
				6D7E46A9D093293C64B435DD /* [CP] Check Pods Manifest.lock */,
				AB5FD200241D1D25009EC199 /* R.swift */,
				AB5FD1E4241D12D5009EC199 /* Sources */,
				AB5FD1FF241D1CCA009EC199 /* SwiftLint */,
				AB5FD1E5241D12D5009EC199 /* Frameworks */,
				AB5FD1E6241D12D5009EC199 /* Resources */,
				F72BA31E46DD5C1DF308DF06 /* [CP] Embed Pods Frameworks */,
			);
			buildRules = (
			);
			dependencies = (
			);
			name = WeatherInterview;
			productName = WeatherInterview;
			productReference = AB5FD1E8241D12D6009EC199 /* WeatherInterview.app */;
			productType = "com.apple.product-type.application";
		};
/* End PBXNativeTarget section */

/* Begin PBXProject section */
		AB5FD1E0241D12D5009EC199 /* Project object */ = {
			isa = PBXProject;
			attributes = {
				LastSwiftUpdateCheck = 1130;
				LastUpgradeCheck = 1130;
				ORGANIZATIONNAME = "Albert Garipov";
				TargetAttributes = {
					AB5FD1E7241D12D5009EC199 = {
						CreatedOnToolsVersion = 11.3.1;
					};
				};
			};
			buildConfigurationList = AB5FD1E3241D12D5009EC199 /* Build configuration list for PBXProject "WeatherInterview" */;
			compatibilityVersion = "Xcode 9.3";
			developmentRegion = en;
			hasScannedForEncodings = 0;
			knownRegions = (
				en,
				Base,
			);
			mainGroup = AB5FD1DF241D12D5009EC199;
			productRefGroup = AB5FD1E9241D12D6009EC199 /* Products */;
			projectDirPath = "";
			projectRoot = "";
			targets = (
				AB5FD1E7241D12D5009EC199 /* WeatherInterview */,
			);
		};
/* End PBXProject section */

/* Begin PBXResourcesBuildPhase section */
		AB5FD1E6241D12D5009EC199 /* Resources */ = {
			isa = PBXResourcesBuildPhase;
			buildActionMask = 2147483647;
			files = (
				AB5FD24C241D37EF009EC199 /* Main.storyboard in Resources */,
				AB5FD1F8241D12DA009EC199 /* LaunchScreen.storyboard in Resources */,
				AB5FD1F5241D12DA009EC199 /* Assets.xcassets in Resources */,
			);
			runOnlyForDeploymentPostprocessing = 0;
		};
/* End PBXResourcesBuildPhase section */

/* Begin PBXShellScriptBuildPhase section */
		6D7E46A9D093293C64B435DD /* [CP] Check Pods Manifest.lock */ = {
			isa = PBXShellScriptBuildPhase;
			buildActionMask = 2147483647;
			files = (
			);
			inputFileListPaths = (
			);
			inputPaths = (
				"${PODS_PODFILE_DIR_PATH}/Podfile.lock",
				"${PODS_ROOT}/Manifest.lock",
			);
			name = "[CP] Check Pods Manifest.lock";
			outputFileListPaths = (
			);
			outputPaths = (
				"$(DERIVED_FILE_DIR)/Pods-WeatherInterview-checkManifestLockResult.txt",
			);
			runOnlyForDeploymentPostprocessing = 0;
			shellPath = /bin/sh;
			shellScript = "diff \"${PODS_PODFILE_DIR_PATH}/Podfile.lock\" \"${PODS_ROOT}/Manifest.lock\" > /dev/null\nif [ $? != 0 ] ; then\n    # print error to STDERR\n    echo \"error: The sandbox is not in sync with the Podfile.lock. Run 'pod install' or update your CocoaPods installation.\" >&2\n    exit 1\nfi\n# This output is used by Xcode 'outputs' to avoid re-running this script phase.\necho \"SUCCESS\" > \"${SCRIPT_OUTPUT_FILE_0}\"\n";
			showEnvVarsInLog = 0;
		};
		AB5FD1FF241D1CCA009EC199 /* SwiftLint */ = {
			isa = PBXShellScriptBuildPhase;
			buildActionMask = 2147483647;
			files = (
			);
			inputFileListPaths = (
			);
			inputPaths = (
			);
			name = SwiftLint;
			outputFileListPaths = (
			);
			outputPaths = (
			);
			runOnlyForDeploymentPostprocessing = 0;
			shellPath = /bin/sh;
			shellScript = "\"${PODS_ROOT}/SwiftLint/swiftlint\"\n";
		};
		AB5FD200241D1D25009EC199 /* R.swift */ = {
			isa = PBXShellScriptBuildPhase;
			buildActionMask = 2147483647;
			files = (
			);
			inputFileListPaths = (
			);
			inputPaths = (
				"$TEMP_DIR/rswift-lastrun",
			);
			name = R.swift;
			outputFileListPaths = (
			);
			outputPaths = (
				$SRCROOT/WeatherInterview/Assets/Generated/R.generated.swift,
			);
			runOnlyForDeploymentPostprocessing = 0;
			shellPath = /bin/sh;
			shellScript = "\"$PODS_ROOT/R.swift/rswift\" generate \"$SRCROOT/WeatherInterview/Assets/Generated/R.generated.swift\"\n\n";
		};
		F72BA31E46DD5C1DF308DF06 /* [CP] Embed Pods Frameworks */ = {
			isa = PBXShellScriptBuildPhase;
			buildActionMask = 2147483647;
			files = (
			);
			inputFileListPaths = (
				"${PODS_ROOT}/Target Support Files/Pods-WeatherInterview/Pods-WeatherInterview-frameworks-${CONFIGURATION}-input-files.xcfilelist",
			);
			name = "[CP] Embed Pods Frameworks";
			outputFileListPaths = (
				"${PODS_ROOT}/Target Support Files/Pods-WeatherInterview/Pods-WeatherInterview-frameworks-${CONFIGURATION}-output-files.xcfilelist",
			);
			runOnlyForDeploymentPostprocessing = 0;
			shellPath = /bin/sh;
			shellScript = "\"${PODS_ROOT}/Target Support Files/Pods-WeatherInterview/Pods-WeatherInterview-frameworks.sh\"\n";
			showEnvVarsInLog = 0;
		};
/* End PBXShellScriptBuildPhase section */

/* Begin PBXSourcesBuildPhase section */
		AB5FD1E4241D12D5009EC199 /* Sources */ = {
			isa = PBXSourcesBuildPhase;
			buildActionMask = 2147483647;
			files = (
				AB5FD263241FA6EE009EC199 /* Coord.swift in Sources */,
				AB5FD256241D3F00009EC199 /* GPSCoordinates.swift in Sources */,
				AB5FD26A241FB4F0009EC199 /* AddLocationViewController.swift in Sources */,
				AB5FD264241FA6EE009EC199 /* Main.swift in Sources */,
				AB5FD234241D379C009EC199 /* WeatherInterview.xcdatamodeld in Sources */,
				AB5FD26F241FB611009EC199 /* PersistenceProvider.swift in Sources */,
				AB5FD252241D3E4B009EC199 /* ForecastPayload.swift in Sources */,
				AB5FD23F241D37BB009EC199 /* Alamofire.swift in Sources */,
				AB5FD254241D3E9E009EC199 /* ForecastProvider.swift in Sources */,
				AB5FD250241D3E00009EC199 /* Forecast.swift in Sources */,
				AB5FD1EC241D12D6009EC199 /* AppDelegate.swift in Sources */,
				AB5FD23D241D37BB009EC199 /* NSObject.swift in Sources */,
				AB5FD1EE241D12D6009EC199 /* SceneDelegate.swift in Sources */,
				AB5FD24B241D37EF009EC199 /* FeedCell.swift in Sources */,
				AB5FD26D241FB5D1009EC199 /* DataStore.swift in Sources */,
				AB5FD262241FA6EE009EC199 /* Wind.swift in Sources */,
				AB5FD267241FA6EE009EC199 /* Weather.swift in Sources */,
				AB5FD272241FB977009EC199 /* Feed.swift in Sources */,
				AB5FD261241FA6EE009EC199 /* Cloud.swift in Sources */,
				AB5FD204241D1FB0009EC199 /* R.generated.swift in Sources */,
				AB5FD241241D37BB009EC199 /* BackendError.swift in Sources */,
				AB5FD24A241D37EF009EC199 /* ViewWithCircle.swift in Sources */,
				AB5FD24E241D3D58009EC199 /* ForecastService.swift in Sources */,
				AB5FD240241D37BB009EC199 /* Cancelable.swift in Sources */,
				AB5FD23E241D37BB009EC199 /* UITableView.swift in Sources */,
				AB5FD265241FA6EE009EC199 /* Rain.swift in Sources */,
				AB5FD249241D37EF009EC199 /* MainViewController.swift in Sources */,
				AB5FD266241FA6EE009EC199 /* Sy.swift in Sources */,
			);
			runOnlyForDeploymentPostprocessing = 0;
		};
/* End PBXSourcesBuildPhase section */

/* Begin PBXVariantGroup section */
		AB5FD1F6241D12DA009EC199 /* LaunchScreen.storyboard */ = {
			isa = PBXVariantGroup;
			children = (
				AB5FD1F7241D12DA009EC199 /* Base */,
			);
			name = LaunchScreen.storyboard;
			sourceTree = "<group>";
		};
/* End PBXVariantGroup section */

/* Begin XCBuildConfiguration section */
		AB5FD1FA241D12DA009EC199 /* Debug */ = {
			isa = XCBuildConfiguration;
			buildSettings = {
				ALWAYS_SEARCH_USER_PATHS = NO;
				CLANG_ANALYZER_NONNULL = YES;
				CLANG_ANALYZER_NUMBER_OBJECT_CONVERSION = YES_AGGRESSIVE;
				CLANG_CXX_LANGUAGE_STANDARD = "gnu++14";
				CLANG_CXX_LIBRARY = "libc++";
				CLANG_ENABLE_MODULES = YES;
				CLANG_ENABLE_OBJC_ARC = YES;
				CLANG_ENABLE_OBJC_WEAK = YES;
				CLANG_WARN_BLOCK_CAPTURE_AUTORELEASING = YES;
				CLANG_WARN_BOOL_CONVERSION = YES;
				CLANG_WARN_COMMA = YES;
				CLANG_WARN_CONSTANT_CONVERSION = YES;
				CLANG_WARN_DEPRECATED_OBJC_IMPLEMENTATIONS = YES;
				CLANG_WARN_DIRECT_OBJC_ISA_USAGE = YES_ERROR;
				CLANG_WARN_DOCUMENTATION_COMMENTS = YES;
				CLANG_WARN_EMPTY_BODY = YES;
				CLANG_WARN_ENUM_CONVERSION = YES;
				CLANG_WARN_INFINITE_RECURSION = YES;
				CLANG_WARN_INT_CONVERSION = YES;
				CLANG_WARN_NON_LITERAL_NULL_CONVERSION = YES;
				CLANG_WARN_OBJC_IMPLICIT_RETAIN_SELF = YES;
				CLANG_WARN_OBJC_LITERAL_CONVERSION = YES;
				CLANG_WARN_OBJC_ROOT_CLASS = YES_ERROR;
				CLANG_WARN_RANGE_LOOP_ANALYSIS = YES;
				CLANG_WARN_STRICT_PROTOTYPES = YES;
				CLANG_WARN_SUSPICIOUS_MOVE = YES;
				CLANG_WARN_UNGUARDED_AVAILABILITY = YES_AGGRESSIVE;
				CLANG_WARN_UNREACHABLE_CODE = YES;
				CLANG_WARN__DUPLICATE_METHOD_MATCH = YES;
				COPY_PHASE_STRIP = NO;
				DEBUG_INFORMATION_FORMAT = dwarf;
				ENABLE_STRICT_OBJC_MSGSEND = YES;
				ENABLE_TESTABILITY = YES;
				GCC_C_LANGUAGE_STANDARD = gnu11;
				GCC_DYNAMIC_NO_PIC = NO;
				GCC_NO_COMMON_BLOCKS = YES;
				GCC_OPTIMIZATION_LEVEL = 0;
				GCC_PREPROCESSOR_DEFINITIONS = (
					"DEBUG=1",
					"$(inherited)",
				);
				GCC_WARN_64_TO_32_BIT_CONVERSION = YES;
				GCC_WARN_ABOUT_RETURN_TYPE = YES_ERROR;
				GCC_WARN_UNDECLARED_SELECTOR = YES;
				GCC_WARN_UNINITIALIZED_AUTOS = YES_AGGRESSIVE;
				GCC_WARN_UNUSED_FUNCTION = YES;
				GCC_WARN_UNUSED_VARIABLE = YES;
				IPHONEOS_DEPLOYMENT_TARGET = 13.2;
				MTL_ENABLE_DEBUG_INFO = INCLUDE_SOURCE;
				MTL_FAST_MATH = YES;
				ONLY_ACTIVE_ARCH = YES;
				SDKROOT = iphoneos;
				SWIFT_ACTIVE_COMPILATION_CONDITIONS = DEBUG;
				SWIFT_OPTIMIZATION_LEVEL = "-Onone";
			};
			name = Debug;
		};
		AB5FD1FB241D12DA009EC199 /* Release */ = {
			isa = XCBuildConfiguration;
			buildSettings = {
				ALWAYS_SEARCH_USER_PATHS = NO;
				CLANG_ANALYZER_NONNULL = YES;
				CLANG_ANALYZER_NUMBER_OBJECT_CONVERSION = YES_AGGRESSIVE;
				CLANG_CXX_LANGUAGE_STANDARD = "gnu++14";
				CLANG_CXX_LIBRARY = "libc++";
				CLANG_ENABLE_MODULES = YES;
				CLANG_ENABLE_OBJC_ARC = YES;
				CLANG_ENABLE_OBJC_WEAK = YES;
				CLANG_WARN_BLOCK_CAPTURE_AUTORELEASING = YES;
				CLANG_WARN_BOOL_CONVERSION = YES;
				CLANG_WARN_COMMA = YES;
				CLANG_WARN_CONSTANT_CONVERSION = YES;
				CLANG_WARN_DEPRECATED_OBJC_IMPLEMENTATIONS = YES;
				CLANG_WARN_DIRECT_OBJC_ISA_USAGE = YES_ERROR;
				CLANG_WARN_DOCUMENTATION_COMMENTS = YES;
				CLANG_WARN_EMPTY_BODY = YES;
				CLANG_WARN_ENUM_CONVERSION = YES;
				CLANG_WARN_INFINITE_RECURSION = YES;
				CLANG_WARN_INT_CONVERSION = YES;
				CLANG_WARN_NON_LITERAL_NULL_CONVERSION = YES;
				CLANG_WARN_OBJC_IMPLICIT_RETAIN_SELF = YES;
				CLANG_WARN_OBJC_LITERAL_CONVERSION = YES;
				CLANG_WARN_OBJC_ROOT_CLASS = YES_ERROR;
				CLANG_WARN_RANGE_LOOP_ANALYSIS = YES;
				CLANG_WARN_STRICT_PROTOTYPES = YES;
				CLANG_WARN_SUSPICIOUS_MOVE = YES;
				CLANG_WARN_UNGUARDED_AVAILABILITY = YES_AGGRESSIVE;
				CLANG_WARN_UNREACHABLE_CODE = YES;
				CLANG_WARN__DUPLICATE_METHOD_MATCH = YES;
				COPY_PHASE_STRIP = NO;
				DEBUG_INFORMATION_FORMAT = "dwarf-with-dsym";
				ENABLE_NS_ASSERTIONS = NO;
				ENABLE_STRICT_OBJC_MSGSEND = YES;
				GCC_C_LANGUAGE_STANDARD = gnu11;
				GCC_NO_COMMON_BLOCKS = YES;
				GCC_WARN_64_TO_32_BIT_CONVERSION = YES;
				GCC_WARN_ABOUT_RETURN_TYPE = YES_ERROR;
				GCC_WARN_UNDECLARED_SELECTOR = YES;
				GCC_WARN_UNINITIALIZED_AUTOS = YES_AGGRESSIVE;
				GCC_WARN_UNUSED_FUNCTION = YES;
				GCC_WARN_UNUSED_VARIABLE = YES;
				IPHONEOS_DEPLOYMENT_TARGET = 13.2;
				MTL_ENABLE_DEBUG_INFO = NO;
				MTL_FAST_MATH = YES;
				SDKROOT = iphoneos;
				SWIFT_COMPILATION_MODE = wholemodule;
				SWIFT_OPTIMIZATION_LEVEL = "-O";
				VALIDATE_PRODUCT = YES;
			};
			name = Release;
		};
		AB5FD1FD241D12DA009EC199 /* Debug */ = {
			isa = XCBuildConfiguration;
			baseConfigurationReference = 8772879833903CB0B0EBE348 /* Pods-WeatherInterview.debug.xcconfig */;
			buildSettings = {
				ASSETCATALOG_COMPILER_APPICON_NAME = AppIcon;
				CODE_SIGN_STYLE = Automatic;
				DEVELOPMENT_TEAM = Z9KPGC6299;
				INFOPLIST_FILE = WeatherInterview/Assets/Info.plist;
				LD_RUNPATH_SEARCH_PATHS = (
					"$(inherited)",
					"@executable_path/Frameworks",
				);
				PRODUCT_BUNDLE_IDENTIFIER = com.garipov.WeatherInterview;
				PRODUCT_NAME = "$(TARGET_NAME)";
				SWIFT_VERSION = 5.0;
				TARGETED_DEVICE_FAMILY = "1,2";
			};
			name = Debug;
		};
		AB5FD1FE241D12DA009EC199 /* Release */ = {
			isa = XCBuildConfiguration;
			baseConfigurationReference = 92ACCF5734769460435F0FFC /* Pods-WeatherInterview.release.xcconfig */;
			buildSettings = {
				ASSETCATALOG_COMPILER_APPICON_NAME = AppIcon;
				CODE_SIGN_STYLE = Automatic;
				DEVELOPMENT_TEAM = Z9KPGC6299;
				INFOPLIST_FILE = WeatherInterview/Assets/Info.plist;
				LD_RUNPATH_SEARCH_PATHS = (
					"$(inherited)",
					"@executable_path/Frameworks",
				);
				PRODUCT_BUNDLE_IDENTIFIER = com.garipov.WeatherInterview;
				PRODUCT_NAME = "$(TARGET_NAME)";
				SWIFT_VERSION = 5.0;
				TARGETED_DEVICE_FAMILY = "1,2";
			};
			name = Release;
		};
/* End XCBuildConfiguration section */

/* Begin XCConfigurationList section */
		AB5FD1E3241D12D5009EC199 /* Build configuration list for PBXProject "WeatherInterview" */ = {
			isa = XCConfigurationList;
			buildConfigurations = (
				AB5FD1FA241D12DA009EC199 /* Debug */,
				AB5FD1FB241D12DA009EC199 /* Release */,
			);
			defaultConfigurationIsVisible = 0;
			defaultConfigurationName = Release;
		};
		AB5FD1FC241D12DA009EC199 /* Build configuration list for PBXNativeTarget "WeatherInterview" */ = {
			isa = XCConfigurationList;
			buildConfigurations = (
				AB5FD1FD241D12DA009EC199 /* Debug */,
				AB5FD1FE241D12DA009EC199 /* Release */,
			);
			defaultConfigurationIsVisible = 0;
			defaultConfigurationName = Release;
		};
/* End XCConfigurationList section */

/* Begin XCVersionGroup section */
		AB5FD232241D379C009EC199 /* WeatherInterview.xcdatamodeld */ = {
			isa = XCVersionGroup;
			children = (
				AB5FD233241D379C009EC199 /* Prometheus.xcdatamodel */,
			);
			currentVersion = AB5FD233241D379C009EC199 /* Prometheus.xcdatamodel */;
			path = WeatherInterview.xcdatamodeld;
			sourceTree = "<group>";
			versionGroupType = wrapper.xcdatamodel;
		};
/* End XCVersionGroup section */
	};
	rootObject = AB5FD1E0241D12D5009EC199 /* Project object */;
}
